{
  "name": "python-mini-metro",
  "version": "0.1.0",
  "lockfileVersion": 3,
  "requires": true,
  "packages": {
    "": {
      "name": "python-mini-metro",
      "version": "0.1.0",
      "dependencies": {
        "civ-engine": "file:../civ-engine"
      },
      "engines": {
        "node": ">=20"
      }
    },
    "../civ-engine": {
      "version": "2.2.0",
      "license": "MIT",
      "devDependencies": {
        "@eslint/js": "^9.0.0",
        "@types/node": "^25.6.0",
        "eslint": "^9.0.0",
        "typescript": "^5.7.0",
        "typescript-eslint": "^8.0.0",
        "vitest": "^4.1.8"
      },
      "engines": {
        "node": ">=20"
      }
    },
    "node_modules/civ-engine": {
      "resolved": "../civ-engine",
      "link": true
    }
  }
}
